
Microsoft Visual Studio Solution File, Format Version 12.00
# Visual Studio Version 17
VisualStudioVersion = 17.3.32819.101
MinimumVisualStudioVersion = 10.0.40219.1
Project("{FAE04EC0-301F-11D3-BF4B-00C04F79EFBC}") = "FormulaConversion", "FormulaConversion\FormulaConversion.csproj", "{D40B1BD9-AB23-4863-8274-AEA6E9C45AC8}"
EndProject
Global
	GlobalSection(SolutionConfigurationPlatforms) = preSolution
		Debug|Any CPU = Debug|Any CPU
		Release|Any CPU = Release|Any CPU
	EndGlobalSection
	GlobalSection(ProjectConfigurationPlatforms) = postSolution
		{D40B1BD9-AB23-4863-8274-AEA6E9C45AC8}.Debug|Any CPU.ActiveCfg = Debug|Any CPU
		{D40B1BD9-AB23-4863-8274-AEA6E9C45AC8}.Debug|Any CPU.Build.0 = Debug|Any CPU
		{D40B1BD9-AB23-4863-8274-AEA6E9C45AC8}.Release|Any CPU.ActiveCfg = Release|Any CPU
		{D40B1BD9-AB23-4863-8274-AEA6E9C45AC8}.Release|Any CPU.Build.0 = Release|Any CPU
	EndGlobalSection
	GlobalSection(SolutionProperties) = preSolution
		HideSolutionNode = FALSE
	EndGlobalSection
	GlobalSection(ExtensibilityGlobals) = postSolution
		SolutionGuid = {3AF5B632-C7E2-42ED-89CB-9B8EA60B4208}
	EndGlobalSection
EndGlobal
